
Microsoft Visual Studio Solution File, Format Version 12.00
# Visual Studio Version 17
VisualStudioVersion = 17.1.32210.238
MinimumVisualStudioVersion = 10.0.40219.1
Project("{FAE04EC0-301F-11D3-BF4B-00C04F79EFBC}") = "SerializationBehavior", "SerializationBehavior.csproj", "{B31C4CBC-E960-4710-8E62-1BC006670FB4}"
EndProject
Global
	GlobalSection(SolutionConfigurationPlatforms) = preSolution
		Debug|Any CPU = Debug|Any CPU
		Release|Any CPU = Release|Any CPU
	EndGlobalSection
	GlobalSection(ProjectConfigurationPlatforms) = postSolution
		{B31C4CBC-E960-4710-8E62-1BC006670FB4}.Debug|Any CPU.ActiveCfg = Debug|Any CPU
		{B31C4CBC-E960-4710-8E62-1BC006670FB4}.Debug|Any CPU.Build.0 = Debug|Any CPU
		{B31C4CBC-E960-4710-8E62-1BC006670FB4}.Release|Any CPU.ActiveCfg = Release|Any CPU
		{B31C4CBC-E960-4710-8E62-1BC006670FB4}.Release|Any CPU.Build.0 = Release|Any CPU
	EndGlobalSection
	GlobalSection(SolutionProperties) = preSolution
		HideSolutionNode = FALSE
	EndGlobalSection
	GlobalSection(ExtensibilityGlobals) = postSolution
		SolutionGuid = {6F8459CA-FEC8-4C86-BC57-710D76876DD7}
	EndGlobalSection
EndGlobal
